// !$*UTF8*$!
{
	archiveVersion = 1;
	classes = {
	};
	objectVersion = 56;
	objects = {

/* Begin PBXBuildFile section */
		C50B032F2B8F0B13007A7EAD /* RoumingPackageInfoCardView.swift in Sources */ = {isa = PBXBuildFile; fileRef = C50B032E2B8F0B13007A7EAD /* RoumingPackageInfoCardView.swift */; };
		C50B03312B8F0D78007A7EAD /* AttributedStringHelper.swift in Sources */ = {isa = PBXBuildFile; fileRef = C50B03302B8F0D78007A7EAD /* AttributedStringHelper.swift */; };
		C50B03332B8F1098007A7EAD /* PackageDetailInfoStackView.swift in Sources */ = {isa = PBXBuildFile; fileRef = C50B03322B8F1098007A7EAD /* PackageDetailInfoStackView.swift */; };
		C50B03352B8F1157007A7EAD /* PackageDetailISingleInfoView.swift in Sources */ = {isa = PBXBuildFile; fileRef = C50B03342B8F1157007A7EAD /* PackageDetailISingleInfoView.swift */; };
		C50B03372B8F1B9B007A7EAD /* PackageCardHeaderView.swift in Sources */ = {isa = PBXBuildFile; fileRef = C50B03362B8F1B9B007A7EAD /* PackageCardHeaderView.swift */; };
		C50B03392B8F23E9007A7EAD /* PackageIconView.swift in Sources */ = {isa = PBXBuildFile; fileRef = C50B03382B8F23E9007A7EAD /* PackageIconView.swift */; };
		C50B033B2B8F5A00007A7EAD /* PackageMoreInfosStackView.swift in Sources */ = {isa = PBXBuildFile; fileRef = C50B033A2B8F5A00007A7EAD /* PackageMoreInfosStackView.swift */; };
		C53745BC2B9054EA001224A6 /* PackageSingleMoreInfoStackView.swift in Sources */ = {isa = PBXBuildFile; fileRef = C53745BB2B9054EA001224A6 /* PackageSingleMoreInfoStackView.swift */; };
		C53745BE2B9061A1001224A6 /* BulletTextFormatter.swift in Sources */ = {isa = PBXBuildFile; fileRef = C53745BD2B9061A1001224A6 /* BulletTextFormatter.swift */; };
		C53745C12B90676A001224A6 /* AppButton.swift in Sources */ = {isa = PBXBuildFile; fileRef = C53745C02B90676A001224A6 /* AppButton.swift */; };
		C53745C32B906882001224A6 /* LinearGradientView.swift in Sources */ = {isa = PBXBuildFile; fileRef = C53745C22B906882001224A6 /* LinearGradientView.swift */; };
		C53745C72B906C64001224A6 /* CheckRoumingCountryButton.swift in Sources */ = {isa = PBXBuildFile; fileRef = C53745C62B906C64001224A6 /* CheckRoumingCountryButton.swift */; };
		C53745D12B909545001224A6 /* RoumingCountrySearchPresenter.swift in Sources */ = {isa = PBXBuildFile; fileRef = C53745C92B909545001224A6 /* RoumingCountrySearchPresenter.swift */; };
		C53745D22B909545001224A6 /* RoumingCountrySearchWorker.swift in Sources */ = {isa = PBXBuildFile; fileRef = C53745CA2B909545001224A6 /* RoumingCountrySearchWorker.swift */; };
		C53745D32B909545001224A6 /* RoumingCountrySearchRouter.swift in Sources */ = {isa = PBXBuildFile; fileRef = C53745CB2B909545001224A6 /* RoumingCountrySearchRouter.swift */; };
		C53745D42B909545001224A6 /* RoumingCountrySearchModels.swift in Sources */ = {isa = PBXBuildFile; fileRef = C53745CC2B909545001224A6 /* RoumingCountrySearchModels.swift */; };
		C53745D52B909545001224A6 /* RoumingCountrySearchViewController.swift in Sources */ = {isa = PBXBuildFile; fileRef = C53745CD2B909545001224A6 /* RoumingCountrySearchViewController.swift */; };
		C53745D62B909545001224A6 /* RoumingCountrySearchInteractor.swift in Sources */ = {isa = PBXBuildFile; fileRef = C53745CE2B909545001224A6 /* RoumingCountrySearchInteractor.swift */; };
		C53745D72B909545001224A6 /* RoumingCountrySearchView.swift in Sources */ = {isa = PBXBuildFile; fileRef = C53745CF2B909545001224A6 /* RoumingCountrySearchView.swift */; };
		C53745D82B909545001224A6 /* RoumingCountrySearchConfigurator.swift in Sources */ = {isa = PBXBuildFile; fileRef = C53745D02B909545001224A6 /* RoumingCountrySearchConfigurator.swift */; };
		C53745DB2B9095A6001224A6 /* RoamingCountriesTableView.swift in Sources */ = {isa = PBXBuildFile; fileRef = C53745DA2B9095A6001224A6 /* RoamingCountriesTableView.swift */; };
		C53745DE2B909634001224A6 /* RoumingSearchCountryViewCell.swift in Sources */ = {isa = PBXBuildFile; fileRef = C53745DD2B909634001224A6 /* RoumingSearchCountryViewCell.swift */; };
		C53745E02B9099E2001224A6 /* GreyBorderView.swift in Sources */ = {isa = PBXBuildFile; fileRef = C53745DF2B9099E2001224A6 /* GreyBorderView.swift */; };
		C53745E22B90AD62001224A6 /* PriceComparisonView.swift in Sources */ = {isa = PBXBuildFile; fileRef = C53745E12B90AD62001224A6 /* PriceComparisonView.swift */; };
		C53A32302B8C926300EBB596 /* OperatorsView.swift in Sources */ = {isa = PBXBuildFile; fileRef = C53A322F2B8C926300EBB596 /* OperatorsView.swift */; };
		C53A32332B8C93A600EBB596 /* RoamingSegmentedControl.swift in Sources */ = {isa = PBXBuildFile; fileRef = C53A32322B8C93A600EBB596 /* RoamingSegmentedControl.swift */; };
		C53A32352B8C97B700EBB596 /* OperatorViewCell.swift in Sources */ = {isa = PBXBuildFile; fileRef = C53A32342B8C97B700EBB596 /* OperatorViewCell.swift */; };
		C53A32392B8C9C9E00EBB596 /* OperatorServiceInfoStackView.swift in Sources */ = {isa = PBXBuildFile; fileRef = C53A32382B8C9C9E00EBB596 /* OperatorServiceInfoStackView.swift */; };
		C53A323B2B8CA2D200EBB596 /* OperatorStatusVStackView.swift in Sources */ = {isa = PBXBuildFile; fileRef = C53A323A2B8CA2D200EBB596 /* OperatorStatusVStackView.swift */; };
		C53A323D2B8CA31B00EBB596 /* OperatorStatusHStackView.swift in Sources */ = {isa = PBXBuildFile; fileRef = C53A323C2B8CA31B00EBB596 /* OperatorStatusHStackView.swift */; };
		C54E84692B91C4D700B198DD /* PriceComparisonViewCell.swift in Sources */ = {isa = PBXBuildFile; fileRef = C54E84682B91C4D700B198DD /* PriceComparisonViewCell.swift */; };
		C54E846B2B91E98500B198DD /* PriceTableSectionHeaderView.swift in Sources */ = {isa = PBXBuildFile; fileRef = C54E846A2B91E98500B198DD /* PriceTableSectionHeaderView.swift */; };
		C550E09F2B7F8382009408D2 /* PackageFreeServicesStackView.swift in Sources */ = {isa = PBXBuildFile; fileRef = C550E09E2B7F8382009408D2 /* PackageFreeServicesStackView.swift */; };
		C550E0A12B7F87CA009408D2 /* PackageChipButton.swift in Sources */ = {isa = PBXBuildFile; fileRef = C550E0A02B7F87CA009408D2 /* PackageChipButton.swift */; };
		C550E0A42B7F8AE7009408D2 /* MiniAddButton.swift in Sources */ = {isa = PBXBuildFile; fileRef = C550E0A32B7F8AE7009408D2 /* MiniAddButton.swift */; };
		C5B01C0B2B8DB49E00C14F0C /* OperatorInfoTitleVStackView.swift in Sources */ = {isa = PBXBuildFile; fileRef = C5B01C0A2B8DB49E00C14F0C /* OperatorInfoTitleVStackView.swift */; };
		C5B01C0D2B8DBB6900C14F0C /* AppDivider.swift in Sources */ = {isa = PBXBuildFile; fileRef = C5B01C0C2B8DBB6900C14F0C /* AppDivider.swift */; };
		C5B01C0F2B8DCC5E00C14F0C /* OperatorServiceVStackView.swift in Sources */ = {isa = PBXBuildFile; fileRef = C5B01C0E2B8DCC5E00C14F0C /* OperatorServiceVStackView.swift */; };
		C5B01C122B8DF47800C14F0C /* SegmentedControl.swift in Sources */ = {isa = PBXBuildFile; fileRef = C5B01C112B8DF47800C14F0C /* SegmentedControl.swift */; };
		C5B01C152B8DF49200C14F0C /* Constants.swift in Sources */ = {isa = PBXBuildFile; fileRef = C5B01C142B8DF49200C14F0C /* Constants.swift */; };
		C5B01C172B8DF4A700C14F0C /* Protocols.swift in Sources */ = {isa = PBXBuildFile; fileRef = C5B01C162B8DF4A700C14F0C /* Protocols.swift */; };
		C5B01C192B8DF4BD00C14F0C /* SCScrollView.swift in Sources */ = {isa = PBXBuildFile; fileRef = C5B01C182B8DF4BD00C14F0C /* SCScrollView.swift */; };
		C5B01C1B2B8DF4DA00C14F0C /* Style.swift in Sources */ = {isa = PBXBuildFile; fileRef = C5B01C1A2B8DF4DA00C14F0C /* Style.swift */; };
		C5B01C252B8E11B900C14F0C /* RoumingSearchCountryPresenter.swift in Sources */ = {isa = PBXBuildFile; fileRef = C5B01C1D2B8E11B900C14F0C /* RoumingSearchCountryPresenter.swift */; };
		C5B01C262B8E11B900C14F0C /* RoumingSearchCountryWorker.swift in Sources */ = {isa = PBXBuildFile; fileRef = C5B01C1E2B8E11B900C14F0C /* RoumingSearchCountryWorker.swift */; };
		C5B01C272B8E11B900C14F0C /* RoumingSearchCountryRouter.swift in Sources */ = {isa = PBXBuildFile; fileRef = C5B01C1F2B8E11B900C14F0C /* RoumingSearchCountryRouter.swift */; };
		C5B01C282B8E11B900C14F0C /* RoumingSearchCountryModels.swift in Sources */ = {isa = PBXBuildFile; fileRef = C5B01C202B8E11B900C14F0C /* RoumingSearchCountryModels.swift */; };
		C5B01C292B8E11B900C14F0C /* RoumingSearchCountryViewController.swift in Sources */ = {isa = PBXBuildFile; fileRef = C5B01C212B8E11B900C14F0C /* RoumingSearchCountryViewController.swift */; };
		C5B01C2A2B8E11B900C14F0C /* RoumingSearchCountryInteractor.swift in Sources */ = {isa = PBXBuildFile; fileRef = C5B01C222B8E11B900C14F0C /* RoumingSearchCountryInteractor.swift */; };
		C5B01C2B2B8E11B900C14F0C /* RoumingSearchCountryView.swift in Sources */ = {isa = PBXBuildFile; fileRef = C5B01C232B8E11B900C14F0C /* RoumingSearchCountryView.swift */; };
		C5B01C2C2B8E11B900C14F0C /* RoumingSearchCountryConfigurator.swift in Sources */ = {isa = PBXBuildFile; fileRef = C5B01C242B8E11B900C14F0C /* RoumingSearchCountryConfigurator.swift */; };
		C5B01C362B8E120B00C14F0C /* RoumingPackageDetailPresenter.swift in Sources */ = {isa = PBXBuildFile; fileRef = C5B01C2E2B8E120B00C14F0C /* RoumingPackageDetailPresenter.swift */; };
		C5B01C372B8E120B00C14F0C /* RoumingPackageDetailWorker.swift in Sources */ = {isa = PBXBuildFile; fileRef = C5B01C2F2B8E120B00C14F0C /* RoumingPackageDetailWorker.swift */; };
		C5B01C382B8E120B00C14F0C /* RoumingPackageDetailRouter.swift in Sources */ = {isa = PBXBuildFile; fileRef = C5B01C302B8E120B00C14F0C /* RoumingPackageDetailRouter.swift */; };
		C5B01C392B8E120B00C14F0C /* RoumingPackageDetailModels.swift in Sources */ = {isa = PBXBuildFile; fileRef = C5B01C312B8E120B00C14F0C /* RoumingPackageDetailModels.swift */; };
		C5B01C3A2B8E120B00C14F0C /* RoumingPackageDetailViewController.swift in Sources */ = {isa = PBXBuildFile; fileRef = C5B01C322B8E120B00C14F0C /* RoumingPackageDetailViewController.swift */; };
		C5B01C3B2B8E120B00C14F0C /* RoumingPackageDetailInteractor.swift in Sources */ = {isa = PBXBuildFile; fileRef = C5B01C332B8E120B00C14F0C /* RoumingPackageDetailInteractor.swift */; };
		C5B01C3C2B8E120B00C14F0C /* RoumingPackageDetailView.swift in Sources */ = {isa = PBXBuildFile; fileRef = C5B01C342B8E120B00C14F0C /* RoumingPackageDetailView.swift */; };
		C5B01C3D2B8E120B00C14F0C /* RoumingPackageDetailConfigurator.swift in Sources */ = {isa = PBXBuildFile; fileRef = C5B01C352B8E120B00C14F0C /* RoumingPackageDetailConfigurator.swift */; };
		C5BB3BB12B7E1CF800819E25 /* AppDelegate.swift in Sources */ = {isa = PBXBuildFile; fileRef = C5BB3BB02B7E1CF800819E25 /* AppDelegate.swift */; };
		C5BB3BBA2B7E1CF900819E25 /* Assets.xcassets in Resources */ = {isa = PBXBuildFile; fileRef = C5BB3BB92B7E1CF900819E25 /* Assets.xcassets */; };
		C5BB3BBD2B7E1CF900819E25 /* LaunchScreen.storyboard in Resources */ = {isa = PBXBuildFile; fileRef = C5BB3BBB2B7E1CF900819E25 /* LaunchScreen.storyboard */; };
		C5BB3BEE2B7E1D3100819E25 /* BakcellNetworkKit.framework in Frameworks */ = {isa = PBXBuildFile; fileRef = C5BB3BED2B7E1D3100819E25 /* BakcellNetworkKit.framework */; };
		C5BB3BEF2B7E1D3100819E25 /* BakcellNetworkKit.framework in Embed Frameworks */ = {isa = PBXBuildFile; fileRef = C5BB3BED2B7E1D3100819E25 /* BakcellNetworkKit.framework */; settings = {ATTRIBUTES = (CodeSignOnCopy, RemoveHeadersOnCopy, ); }; };
		C5BB3BF22B7E1D3400819E25 /* BakcellUIKit.framework in Frameworks */ = {isa = PBXBuildFile; fileRef = C5BB3BF12B7E1D3400819E25 /* BakcellUIKit.framework */; };
		C5BB3BF32B7E1D3400819E25 /* BakcellUIKit.framework in Embed Frameworks */ = {isa = PBXBuildFile; fileRef = C5BB3BF12B7E1D3400819E25 /* BakcellUIKit.framework */; settings = {ATTRIBUTES = (CodeSignOnCopy, RemoveHeadersOnCopy, ); }; };
		C5BB3BF62B7E1E0800819E25 /* AppRouter.swift in Sources */ = {isa = PBXBuildFile; fileRef = C5BB3BF52B7E1E0800819E25 /* AppRouter.swift */; };
		C5BB3BF92B7E1E1700819E25 /* AppContainer.swift in Sources */ = {isa = PBXBuildFile; fileRef = C5BB3BF82B7E1E1700819E25 /* AppContainer.swift */; };
		C5BB3C032B7E1EF100819E25 /* MainNavigation.swift in Sources */ = {isa = PBXBuildFile; fileRef = C5BB3C022B7E1EF100819E25 /* MainNavigation.swift */; };
		C5BB3C052B7E1F1E00819E25 /* ViewController+Navigation.swift in Sources */ = {isa = PBXBuildFile; fileRef = C5BB3C042B7E1F1E00819E25 /* ViewController+Navigation.swift */; };
		C5BB3C082B7E1F4300819E25 /* ThemeableView.swift in Sources */ = {isa = PBXBuildFile; fileRef = C5BB3C072B7E1F4300819E25 /* ThemeableView.swift */; };
		C5BB3C0A2B7E1F5200819E25 /* ThemeableViewController.swift in Sources */ = {isa = PBXBuildFile; fileRef = C5BB3C092B7E1F5200819E25 /* ThemeableViewController.swift */; };
		C5BB3C2E2B7E27DB00819E25 /* AppAssets.swift in Sources */ = {isa = PBXBuildFile; fileRef = C5BB3C2D2B7E27DB00819E25 /* AppAssets.swift */; };
		C5BB3C372B7E29C200819E25 /* RoumingDetailPresenter.swift in Sources */ = {isa = PBXBuildFile; fileRef = C5BB3C2F2B7E29C200819E25 /* RoumingDetailPresenter.swift */; };
		C5BB3C382B7E29C200819E25 /* RoumingDetailWorker.swift in Sources */ = {isa = PBXBuildFile; fileRef = C5BB3C302B7E29C200819E25 /* RoumingDetailWorker.swift */; };
		C5BB3C392B7E29C200819E25 /* RoumingDetailRouter.swift in Sources */ = {isa = PBXBuildFile; fileRef = C5BB3C312B7E29C200819E25 /* RoumingDetailRouter.swift */; };
		C5BB3C3A2B7E29C200819E25 /* RoumingDetailModels.swift in Sources */ = {isa = PBXBuildFile; fileRef = C5BB3C322B7E29C200819E25 /* RoumingDetailModels.swift */; };
		C5BB3C3B2B7E29C200819E25 /* RoumingDetailViewController.swift in Sources */ = {isa = PBXBuildFile; fileRef = C5BB3C332B7E29C200819E25 /* RoumingDetailViewController.swift */; };
		C5BB3C3C2B7E29C200819E25 /* RoumingDetailInteractor.swift in Sources */ = {isa = PBXBuildFile; fileRef = C5BB3C342B7E29C200819E25 /* RoumingDetailInteractor.swift */; };
		C5BB3C3D2B7E29C200819E25 /* RoumingDetailView.swift in Sources */ = {isa = PBXBuildFile; fileRef = C5BB3C352B7E29C200819E25 /* RoumingDetailView.swift */; };
		C5BB3C3E2B7E29C200819E25 /* RoumingDetailConfigurator.swift in Sources */ = {isa = PBXBuildFile; fileRef = C5BB3C362B7E29C200819E25 /* RoumingDetailConfigurator.swift */; };
		C5BB3C402B7E2E6A00819E25 /* ImageResizer.swift in Sources */ = {isa = PBXBuildFile; fileRef = C5BB3C3F2B7E2E6A00819E25 /* ImageResizer.swift */; };
		C5BB3C432B7E308700819E25 /* SnapKit in Frameworks */ = {isa = PBXBuildFile; productRef = C5BB3C422B7E308700819E25 /* SnapKit */; };
		C5BB3C4A2B7E315D00819E25 /* PackagesCollectionView.swift in Sources */ = {isa = PBXBuildFile; fileRef = C5BB3C492B7E315D00819E25 /* PackagesCollectionView.swift */; };
		C5BB3C4C2B7E32A600819E25 /* RoumingPackageViewCell.swift in Sources */ = {isa = PBXBuildFile; fileRef = C5BB3C4B2B7E32A600819E25 /* RoumingPackageViewCell.swift */; };
		C5C82A122B7F62E30018BB61 /* InternetPackagesCollectionTableViewCell.swift in Sources */ = {isa = PBXBuildFile; fileRef = C5C82A112B7F62E30018BB61 /* InternetPackagesCollectionTableViewCell.swift */; };
		C5C82A142B7F63780018BB61 /* SMSPackagesCollectionTableViewCell.swift in Sources */ = {isa = PBXBuildFile; fileRef = C5C82A132B7F63780018BB61 /* SMSPackagesCollectionTableViewCell.swift */; };
		C5C82A162B7F6BC40018BB61 /* RoundedView.swift in Sources */ = {isa = PBXBuildFile; fileRef = C5C82A152B7F6BC40018BB61 /* RoundedView.swift */; };
		C5E658CE2B8C71B400571CE8 /* RoumingCountryDetailPresenter.swift in Sources */ = {isa = PBXBuildFile; fileRef = C5E658C62B8C71B400571CE8 /* RoumingCountryDetailPresenter.swift */; };
		C5E658CF2B8C71B400571CE8 /* RoumingCountryDetailWorker.swift in Sources */ = {isa = PBXBuildFile; fileRef = C5E658C72B8C71B400571CE8 /* RoumingCountryDetailWorker.swift */; };
		C5E658D02B8C71B400571CE8 /* RoumingCountryDetailRouter.swift in Sources */ = {isa = PBXBuildFile; fileRef = C5E658C82B8C71B400571CE8 /* RoumingCountryDetailRouter.swift */; };
		C5E658D12B8C71B400571CE8 /* RoumingCountryDetailModels.swift in Sources */ = {isa = PBXBuildFile; fileRef = C5E658C92B8C71B400571CE8 /* RoumingCountryDetailModels.swift */; };
		C5E658D22B8C71B400571CE8 /* RoumingCountryDetailViewController.swift in Sources */ = {isa = PBXBuildFile; fileRef = C5E658CA2B8C71B400571CE8 /* RoumingCountryDetailViewController.swift */; };
		C5E658D32B8C71B400571CE8 /* RoumingCountryDetailInteractor.swift in Sources */ = {isa = PBXBuildFile; fileRef = C5E658CB2B8C71B400571CE8 /* RoumingCountryDetailInteractor.swift */; };
		C5E658D42B8C71B400571CE8 /* RoumingCountryDetailView.swift in Sources */ = {isa = PBXBuildFile; fileRef = C5E658CC2B8C71B400571CE8 /* RoumingCountryDetailView.swift */; };
		C5E658D52B8C71B400571CE8 /* RoumingCountryDetailConfigurator.swift in Sources */ = {isa = PBXBuildFile; fileRef = C5E658CD2B8C71B400571CE8 /* RoumingCountryDetailConfigurator.swift */; };
		C5E658D82B8C774600571CE8 /* CategoriesCollectionView.swift in Sources */ = {isa = PBXBuildFile; fileRef = C5E658D72B8C774600571CE8 /* CategoriesCollectionView.swift */; };
		C5EF6E6B2B84876C00AA3494 /* AllIncludedPackageViewCell.swift in Sources */ = {isa = PBXBuildFile; fileRef = C5EF6E6A2B84876C00AA3494 /* AllIncludedPackageViewCell.swift */; };
		C5EF6E6D2B848A7900AA3494 /* PackageServiceFeeLabel.swift in Sources */ = {isa = PBXBuildFile; fileRef = C5EF6E6C2B848A7900AA3494 /* PackageServiceFeeLabel.swift */; };
		C5EF6E6F2B84BD0F00AA3494 /* AllPackageInfoVStackView.swift in Sources */ = {isa = PBXBuildFile; fileRef = C5EF6E6E2B84BD0F00AA3494 /* AllPackageInfoVStackView.swift */; };
		C5EF6E732B85C0C400AA3494 /* AllIncludedPackageInfoHStackView.swift in Sources */ = {isa = PBXBuildFile; fileRef = C5EF6E722B85C0C400AA3494 /* AllIncludedPackageInfoHStackView.swift */; };
		C5EF6E752B85C61800AA3494 /* CountrySearchView.swift in Sources */ = {isa = PBXBuildFile; fileRef = C5EF6E742B85C61800AA3494 /* CountrySearchView.swift */; };
		C5EF6E772B85CD2900AA3494 /* RoumingCountryButton.swift in Sources */ = {isa = PBXBuildFile; fileRef = C5EF6E762B85CD2900AA3494 /* RoumingCountryButton.swift */; };
		C5EF6E792B85D1A800AA3494 /* RoumingCountriesCollectionView.swift in Sources */ = {isa = PBXBuildFile; fileRef = C5EF6E782B85D1A800AA3494 /* RoumingCountriesCollectionView.swift */; };
		C5EF6E7B2B85EEFC00AA3494 /* UICollectionCenterFlowLayout.swift in Sources */ = {isa = PBXBuildFile; fileRef = C5EF6E7A2B85EEFC00AA3494 /* UICollectionCenterFlowLayout.swift */; };
		C5EF6E9D2B87614F00AA3494 /* RoumingCountryHeaderView.swift in Sources */ = {isa = PBXBuildFile; fileRef = C5EF6E9C2B87614F00AA3494 /* RoumingCountryHeaderView.swift */; };
		C5EF6E9F2B87650B00AA3494 /* SectionHeaderView.swift in Sources */ = {isa = PBXBuildFile; fileRef = C5EF6E9E2B87650B00AA3494 /* SectionHeaderView.swift */; };
/* End PBXBuildFile section */

/* Begin PBXCopyFilesBuildPhase section */
		C5BB3BF02B7E1D3100819E25 /* Embed Frameworks */ = {
			isa = PBXCopyFilesBuildPhase;
			buildActionMask = 2147483647;
			dstPath = "";
			dstSubfolderSpec = 10;
			files = (
				C5BB3BF32B7E1D3400819E25 /* BakcellUIKit.framework in Embed Frameworks */,
				C5BB3BEF2B7E1D3100819E25 /* BakcellNetworkKit.framework in Embed Frameworks */,
			);
			name = "Embed Frameworks";
			runOnlyForDeploymentPostprocessing = 0;
		};
/* End PBXCopyFilesBuildPhase section */

/* Begin PBXFileReference section */
		C50B032E2B8F0B13007A7EAD /* RoumingPackageInfoCardView.swift */ = {isa = PBXFileReference; lastKnownFileType = sourcecode.swift; path = RoumingPackageInfoCardView.swift; sourceTree = "<group>"; };
		C50B03302B8F0D78007A7EAD /* AttributedStringHelper.swift */ = {isa = PBXFileReference; lastKnownFileType = sourcecode.swift; path = AttributedStringHelper.swift; sourceTree = "<group>"; };
		C50B03322B8F1098007A7EAD /* PackageDetailInfoStackView.swift */ = {isa = PBXFileReference; lastKnownFileType = sourcecode.swift; path = PackageDetailInfoStackView.swift; sourceTree = "<group>"; };
		C50B03342B8F1157007A7EAD /* PackageDetailISingleInfoView.swift */ = {isa = PBXFileReference; lastKnownFileType = sourcecode.swift; path = PackageDetailISingleInfoView.swift; sourceTree = "<group>"; };
		C50B03362B8F1B9B007A7EAD /* PackageCardHeaderView.swift */ = {isa = PBXFileReference; lastKnownFileType = sourcecode.swift; path = PackageCardHeaderView.swift; sourceTree = "<group>"; };
		C50B03382B8F23E9007A7EAD /* PackageIconView.swift */ = {isa = PBXFileReference; lastKnownFileType = sourcecode.swift; path = PackageIconView.swift; sourceTree = "<group>"; };
		C50B033A2B8F5A00007A7EAD /* PackageMoreInfosStackView.swift */ = {isa = PBXFileReference; lastKnownFileType = sourcecode.swift; path = PackageMoreInfosStackView.swift; sourceTree = "<group>"; };
		C53745BB2B9054EA001224A6 /* PackageSingleMoreInfoStackView.swift */ = {isa = PBXFileReference; lastKnownFileType = sourcecode.swift; path = PackageSingleMoreInfoStackView.swift; sourceTree = "<group>"; };
		C53745BD2B9061A1001224A6 /* BulletTextFormatter.swift */ = {isa = PBXFileReference; lastKnownFileType = sourcecode.swift; path = BulletTextFormatter.swift; sourceTree = "<group>"; };
		C53745C02B90676A001224A6 /* AppButton.swift */ = {isa = PBXFileReference; lastKnownFileType = sourcecode.swift; path = AppButton.swift; sourceTree = "<group>"; };
		C53745C22B906882001224A6 /* LinearGradientView.swift */ = {isa = PBXFileReference; lastKnownFileType = sourcecode.swift; path = LinearGradientView.swift; sourceTree = "<group>"; };
		C53745C62B906C64001224A6 /* CheckRoumingCountryButton.swift */ = {isa = PBXFileReference; lastKnownFileType = sourcecode.swift; path = CheckRoumingCountryButton.swift; sourceTree = "<group>"; };
		C53745C92B909545001224A6 /* RoumingCountrySearchPresenter.swift */ = {isa = PBXFileReference; lastKnownFileType = sourcecode.swift; path = RoumingCountrySearchPresenter.swift; sourceTree = "<group>"; };
		C53745CA2B909545001224A6 /* RoumingCountrySearchWorker.swift */ = {isa = PBXFileReference; lastKnownFileType = sourcecode.swift; path = RoumingCountrySearchWorker.swift; sourceTree = "<group>"; };
		C53745CB2B909545001224A6 /* RoumingCountrySearchRouter.swift */ = {isa = PBXFileReference; lastKnownFileType = sourcecode.swift; path = RoumingCountrySearchRouter.swift; sourceTree = "<group>"; };
		C53745CC2B909545001224A6 /* RoumingCountrySearchModels.swift */ = {isa = PBXFileReference; lastKnownFileType = sourcecode.swift; path = RoumingCountrySearchModels.swift; sourceTree = "<group>"; };
		C53745CD2B909545001224A6 /* RoumingCountrySearchViewController.swift */ = {isa = PBXFileReference; lastKnownFileType = sourcecode.swift; path = RoumingCountrySearchViewController.swift; sourceTree = "<group>"; };
		C53745CE2B909545001224A6 /* RoumingCountrySearchInteractor.swift */ = {isa = PBXFileReference; lastKnownFileType = sourcecode.swift; path = RoumingCountrySearchInteractor.swift; sourceTree = "<group>"; };
		C53745CF2B909545001224A6 /* RoumingCountrySearchView.swift */ = {isa = PBXFileReference; lastKnownFileType = sourcecode.swift; path = RoumingCountrySearchView.swift; sourceTree = "<group>"; };
		C53745D02B909545001224A6 /* RoumingCountrySearchConfigurator.swift */ = {isa = PBXFileReference; lastKnownFileType = sourcecode.swift; path = RoumingCountrySearchConfigurator.swift; sourceTree = "<group>"; };
		C53745DA2B9095A6001224A6 /* RoamingCountriesTableView.swift */ = {isa = PBXFileReference; lastKnownFileType = sourcecode.swift; path = RoamingCountriesTableView.swift; sourceTree = "<group>"; };
		C53745DD2B909634001224A6 /* RoumingSearchCountryViewCell.swift */ = {isa = PBXFileReference; lastKnownFileType = sourcecode.swift; path = RoumingSearchCountryViewCell.swift; sourceTree = "<group>"; };
		C53745DF2B9099E2001224A6 /* GreyBorderView.swift */ = {isa = PBXFileReference; lastKnownFileType = sourcecode.swift; path = GreyBorderView.swift; sourceTree = "<group>"; };
		C53745E12B90AD62001224A6 /* PriceComparisonView.swift */ = {isa = PBXFileReference; lastKnownFileType = sourcecode.swift; path = PriceComparisonView.swift; sourceTree = "<group>"; };
		C53A322F2B8C926300EBB596 /* OperatorsView.swift */ = {isa = PBXFileReference; lastKnownFileType = sourcecode.swift; path = OperatorsView.swift; sourceTree = "<group>"; };
		C53A32322B8C93A600EBB596 /* RoamingSegmentedControl.swift */ = {isa = PBXFileReference; lastKnownFileType = sourcecode.swift; path = RoamingSegmentedControl.swift; sourceTree = "<group>"; };
		C53A32342B8C97B700EBB596 /* OperatorViewCell.swift */ = {isa = PBXFileReference; lastKnownFileType = sourcecode.swift; path = OperatorViewCell.swift; sourceTree = "<group>"; };
		C53A32382B8C9C9E00EBB596 /* OperatorServiceInfoStackView.swift */ = {isa = PBXFileReference; lastKnownFileType = sourcecode.swift; path = OperatorServiceInfoStackView.swift; sourceTree = "<group>"; };
		C53A323A2B8CA2D200EBB596 /* OperatorStatusVStackView.swift */ = {isa = PBXFileReference; lastKnownFileType = sourcecode.swift; path = OperatorStatusVStackView.swift; sourceTree = "<group>"; };
		C53A323C2B8CA31B00EBB596 /* OperatorStatusHStackView.swift */ = {isa = PBXFileReference; lastKnownFileType = sourcecode.swift; path = OperatorStatusHStackView.swift; sourceTree = "<group>"; };
		C54E84682B91C4D700B198DD /* PriceComparisonViewCell.swift */ = {isa = PBXFileReference; lastKnownFileType = sourcecode.swift; path = PriceComparisonViewCell.swift; sourceTree = "<group>"; };
		C54E846A2B91E98500B198DD /* PriceTableSectionHeaderView.swift */ = {isa = PBXFileReference; lastKnownFileType = sourcecode.swift; path = PriceTableSectionHeaderView.swift; sourceTree = "<group>"; };
		C550E09E2B7F8382009408D2 /* PackageFreeServicesStackView.swift */ = {isa = PBXFileReference; lastKnownFileType = sourcecode.swift; path = PackageFreeServicesStackView.swift; sourceTree = "<group>"; };
		C550E0A02B7F87CA009408D2 /* PackageChipButton.swift */ = {isa = PBXFileReference; lastKnownFileType = sourcecode.swift; path = PackageChipButton.swift; sourceTree = "<group>"; };
		C550E0A32B7F8AE7009408D2 /* MiniAddButton.swift */ = {isa = PBXFileReference; lastKnownFileType = sourcecode.swift; path = MiniAddButton.swift; sourceTree = "<group>"; };
		C5B01C0A2B8DB49E00C14F0C /* OperatorInfoTitleVStackView.swift */ = {isa = PBXFileReference; lastKnownFileType = sourcecode.swift; path = OperatorInfoTitleVStackView.swift; sourceTree = "<group>"; };
		C5B01C0C2B8DBB6900C14F0C /* AppDivider.swift */ = {isa = PBXFileReference; lastKnownFileType = sourcecode.swift; path = AppDivider.swift; sourceTree = "<group>"; };
		C5B01C0E2B8DCC5E00C14F0C /* OperatorServiceVStackView.swift */ = {isa = PBXFileReference; lastKnownFileType = sourcecode.swift; path = OperatorServiceVStackView.swift; sourceTree = "<group>"; };
		C5B01C112B8DF47800C14F0C /* SegmentedControl.swift */ = {isa = PBXFileReference; lastKnownFileType = sourcecode.swift; path = SegmentedControl.swift; sourceTree = "<group>"; };
		C5B01C142B8DF49200C14F0C /* Constants.swift */ = {isa = PBXFileReference; lastKnownFileType = sourcecode.swift; path = Constants.swift; sourceTree = "<group>"; };
		C5B01C162B8DF4A700C14F0C /* Protocols.swift */ = {isa = PBXFileReference; lastKnownFileType = sourcecode.swift; path = Protocols.swift; sourceTree = "<group>"; };
		C5B01C182B8DF4BD00C14F0C /* SCScrollView.swift */ = {isa = PBXFileReference; lastKnownFileType = sourcecode.swift; path = SCScrollView.swift; sourceTree = "<group>"; };
		C5B01C1A2B8DF4DA00C14F0C /* Style.swift */ = {isa = PBXFileReference; lastKnownFileType = sourcecode.swift; path = Style.swift; sourceTree = "<group>"; };
		C5B01C1D2B8E11B900C14F0C /* RoumingSearchCountryPresenter.swift */ = {isa = PBXFileReference; lastKnownFileType = sourcecode.swift; path = RoumingSearchCountryPresenter.swift; sourceTree = "<group>"; };
		C5B01C1E2B8E11B900C14F0C /* RoumingSearchCountryWorker.swift */ = {isa = PBXFileReference; lastKnownFileType = sourcecode.swift; path = RoumingSearchCountryWorker.swift; sourceTree = "<group>"; };
		C5B01C1F2B8E11B900C14F0C /* RoumingSearchCountryRouter.swift */ = {isa = PBXFileReference; lastKnownFileType = sourcecode.swift; path = RoumingSearchCountryRouter.swift; sourceTree = "<group>"; };
		C5B01C202B8E11B900C14F0C /* RoumingSearchCountryModels.swift */ = {isa = PBXFileReference; lastKnownFileType = sourcecode.swift; path = RoumingSearchCountryModels.swift; sourceTree = "<group>"; };
		C5B01C212B8E11B900C14F0C /* RoumingSearchCountryViewController.swift */ = {isa = PBXFileReference; lastKnownFileType = sourcecode.swift; path = RoumingSearchCountryViewController.swift; sourceTree = "<group>"; };
		C5B01C222B8E11B900C14F0C /* RoumingSearchCountryInteractor.swift */ = {isa = PBXFileReference; lastKnownFileType = sourcecode.swift; path = RoumingSearchCountryInteractor.swift; sourceTree = "<group>"; };
		C5B01C232B8E11B900C14F0C /* RoumingSearchCountryView.swift */ = {isa = PBXFileReference; lastKnownFileType = sourcecode.swift; path = RoumingSearchCountryView.swift; sourceTree = "<group>"; };
		C5B01C242B8E11B900C14F0C /* RoumingSearchCountryConfigurator.swift */ = {isa = PBXFileReference; lastKnownFileType = sourcecode.swift; path = RoumingSearchCountryConfigurator.swift; sourceTree = "<group>"; };
		C5B01C2E2B8E120B00C14F0C /* RoumingPackageDetailPresenter.swift */ = {isa = PBXFileReference; lastKnownFileType = sourcecode.swift; path = RoumingPackageDetailPresenter.swift; sourceTree = "<group>"; };
		C5B01C2F2B8E120B00C14F0C /* RoumingPackageDetailWorker.swift */ = {isa = PBXFileReference; lastKnownFileType = sourcecode.swift; path = RoumingPackageDetailWorker.swift; sourceTree = "<group>"; };
		C5B01C302B8E120B00C14F0C /* RoumingPackageDetailRouter.swift */ = {isa = PBXFileReference; lastKnownFileType = sourcecode.swift; path = RoumingPackageDetailRouter.swift; sourceTree = "<group>"; };
		C5B01C312B8E120B00C14F0C /* RoumingPackageDetailModels.swift */ = {isa = PBXFileReference; lastKnownFileType = sourcecode.swift; path = RoumingPackageDetailModels.swift; sourceTree = "<group>"; };
		C5B01C322B8E120B00C14F0C /* RoumingPackageDetailViewController.swift */ = {isa = PBXFileReference; lastKnownFileType = sourcecode.swift; path = RoumingPackageDetailViewController.swift; sourceTree = "<group>"; };
		C5B01C332B8E120B00C14F0C /* RoumingPackageDetailInteractor.swift */ = {isa = PBXFileReference; lastKnownFileType = sourcecode.swift; path = RoumingPackageDetailInteractor.swift; sourceTree = "<group>"; };
		C5B01C342B8E120B00C14F0C /* RoumingPackageDetailView.swift */ = {isa = PBXFileReference; lastKnownFileType = sourcecode.swift; path = RoumingPackageDetailView.swift; sourceTree = "<group>"; };
		C5B01C352B8E120B00C14F0C /* RoumingPackageDetailConfigurator.swift */ = {isa = PBXFileReference; lastKnownFileType = sourcecode.swift; path = RoumingPackageDetailConfigurator.swift; sourceTree = "<group>"; };
		C5BB3BAD2B7E1CF800819E25 /* BakcellApp.app */ = {isa = PBXFileReference; explicitFileType = wrapper.application; includeInIndex = 0; path = BakcellApp.app; sourceTree = BUILT_PRODUCTS_DIR; };
		C5BB3BB02B7E1CF800819E25 /* AppDelegate.swift */ = {isa = PBXFileReference; lastKnownFileType = sourcecode.swift; path = AppDelegate.swift; sourceTree = "<group>"; };
		C5BB3BB92B7E1CF900819E25 /* Assets.xcassets */ = {isa = PBXFileReference; lastKnownFileType = folder.assetcatalog; path = Assets.xcassets; sourceTree = "<group>"; };
		C5BB3BBC2B7E1CF900819E25 /* Base */ = {isa = PBXFileReference; lastKnownFileType = file.storyboard; name = Base; path = Base.lproj/LaunchScreen.storyboard; sourceTree = "<group>"; };
		C5BB3BBE2B7E1CF900819E25 /* Info.plist */ = {isa = PBXFileReference; lastKnownFileType = text.plist.xml; path = Info.plist; sourceTree = "<group>"; };
		C5BB3BED2B7E1D3100819E25 /* BakcellNetworkKit.framework */ = {isa = PBXFileReference; explicitFileType = wrapper.framework; path = BakcellNetworkKit.framework; sourceTree = BUILT_PRODUCTS_DIR; };
		C5BB3BF12B7E1D3400819E25 /* BakcellUIKit.framework */ = {isa = PBXFileReference; explicitFileType = wrapper.framework; path = BakcellUIKit.framework; sourceTree = BUILT_PRODUCTS_DIR; };
		C5BB3BF52B7E1E0800819E25 /* AppRouter.swift */ = {isa = PBXFileReference; lastKnownFileType = sourcecode.swift; path = AppRouter.swift; sourceTree = "<group>"; };
		C5BB3BF82B7E1E1700819E25 /* AppContainer.swift */ = {isa = PBXFileReference; lastKnownFileType = sourcecode.swift; path = AppContainer.swift; sourceTree = "<group>"; };
		C5BB3C022B7E1EF100819E25 /* MainNavigation.swift */ = {isa = PBXFileReference; lastKnownFileType = sourcecode.swift; path = MainNavigation.swift; sourceTree = "<group>"; };
		C5BB3C042B7E1F1E00819E25 /* ViewController+Navigation.swift */ = {isa = PBXFileReference; lastKnownFileType = sourcecode.swift; path = "ViewController+Navigation.swift"; sourceTree = "<group>"; };
		C5BB3C072B7E1F4300819E25 /* ThemeableView.swift */ = {isa = PBXFileReference; lastKnownFileType = sourcecode.swift; path = ThemeableView.swift; sourceTree = "<group>"; };
		C5BB3C092B7E1F5200819E25 /* ThemeableViewController.swift */ = {isa = PBXFileReference; lastKnownFileType = sourcecode.swift; path = ThemeableViewController.swift; sourceTree = "<group>"; };
		C5BB3C2D2B7E27DB00819E25 /* AppAssets.swift */ = {isa = PBXFileReference; lastKnownFileType = sourcecode.swift; path = AppAssets.swift; sourceTree = "<group>"; };
		C5BB3C2F2B7E29C200819E25 /* RoumingDetailPresenter.swift */ = {isa = PBXFileReference; lastKnownFileType = sourcecode.swift; path = RoumingDetailPresenter.swift; sourceTree = "<group>"; };
		C5BB3C302B7E29C200819E25 /* RoumingDetailWorker.swift */ = {isa = PBXFileReference; lastKnownFileType = sourcecode.swift; path = RoumingDetailWorker.swift; sourceTree = "<group>"; };
		C5BB3C312B7E29C200819E25 /* RoumingDetailRouter.swift */ = {isa = PBXFileReference; lastKnownFileType = sourcecode.swift; path = RoumingDetailRouter.swift; sourceTree = "<group>"; };
		C5BB3C322B7E29C200819E25 /* RoumingDetailModels.swift */ = {isa = PBXFileReference; lastKnownFileType = sourcecode.swift; path = RoumingDetailModels.swift; sourceTree = "<group>"; };
		C5BB3C332B7E29C200819E25 /* RoumingDetailViewController.swift */ = {isa = PBXFileReference; lastKnownFileType = sourcecode.swift; path = RoumingDetailViewController.swift; sourceTree = "<group>"; };
		C5BB3C342B7E29C200819E25 /* RoumingDetailInteractor.swift */ = {isa = PBXFileReference; lastKnownFileType = sourcecode.swift; path = RoumingDetailInteractor.swift; sourceTree = "<group>"; };
		C5BB3C352B7E29C200819E25 /* RoumingDetailView.swift */ = {isa = PBXFileReference; lastKnownFileType = sourcecode.swift; path = RoumingDetailView.swift; sourceTree = "<group>"; };
		C5BB3C362B7E29C200819E25 /* RoumingDetailConfigurator.swift */ = {isa = PBXFileReference; lastKnownFileType = sourcecode.swift; path = RoumingDetailConfigurator.swift; sourceTree = "<group>"; };
		C5BB3C3F2B7E2E6A00819E25 /* ImageResizer.swift */ = {isa = PBXFileReference; lastKnownFileType = sourcecode.swift; path = ImageResizer.swift; sourceTree = "<group>"; };
		C5BB3C492B7E315D00819E25 /* PackagesCollectionView.swift */ = {isa = PBXFileReference; lastKnownFileType = sourcecode.swift; path = PackagesCollectionView.swift; sourceTree = "<group>"; };
		C5BB3C4B2B7E32A600819E25 /* RoumingPackageViewCell.swift */ = {isa = PBXFileReference; lastKnownFileType = sourcecode.swift; path = RoumingPackageViewCell.swift; sourceTree = "<group>"; };
		C5C82A112B7F62E30018BB61 /* InternetPackagesCollectionTableViewCell.swift */ = {isa = PBXFileReference; lastKnownFileType = sourcecode.swift; path = InternetPackagesCollectionTableViewCell.swift; sourceTree = "<group>"; };
		C5C82A132B7F63780018BB61 /* SMSPackagesCollectionTableViewCell.swift */ = {isa = PBXFileReference; lastKnownFileType = sourcecode.swift; path = SMSPackagesCollectionTableViewCell.swift; sourceTree = "<group>"; };
		C5C82A152B7F6BC40018BB61 /* RoundedView.swift */ = {isa = PBXFileReference; lastKnownFileType = sourcecode.swift; path = RoundedView.swift; sourceTree = "<group>"; };
		C5E658C62B8C71B400571CE8 /* RoumingCountryDetailPresenter.swift */ = {isa = PBXFileReference; lastKnownFileType = sourcecode.swift; path = RoumingCountryDetailPresenter.swift; sourceTree = "<group>"; };
		C5E658C72B8C71B400571CE8 /* RoumingCountryDetailWorker.swift */ = {isa = PBXFileReference; lastKnownFileType = sourcecode.swift; path = RoumingCountryDetailWorker.swift; sourceTree = "<group>"; };
		C5E658C82B8C71B400571CE8 /* RoumingCountryDetailRouter.swift */ = {isa = PBXFileReference; lastKnownFileType = sourcecode.swift; path = RoumingCountryDetailRouter.swift; sourceTree = "<group>"; };
		C5E658C92B8C71B400571CE8 /* RoumingCountryDetailModels.swift */ = {isa = PBXFileReference; lastKnownFileType = sourcecode.swift; path = RoumingCountryDetailModels.swift; sourceTree = "<group>"; };
		C5E658CA2B8C71B400571CE8 /* RoumingCountryDetailViewController.swift */ = {isa = PBXFileReference; lastKnownFileType = sourcecode.swift; path = RoumingCountryDetailViewController.swift; sourceTree = "<group>"; };
		C5E658CB2B8C71B400571CE8 /* RoumingCountryDetailInteractor.swift */ = {isa = PBXFileReference; lastKnownFileType = sourcecode.swift; path = RoumingCountryDetailInteractor.swift; sourceTree = "<group>"; };
		C5E658CC2B8C71B400571CE8 /* RoumingCountryDetailView.swift */ = {isa = PBXFileReference; lastKnownFileType = sourcecode.swift; path = RoumingCountryDetailView.swift; sourceTree = "<group>"; };
		C5E658CD2B8C71B400571CE8 /* RoumingCountryDetailConfigurator.swift */ = {isa = PBXFileReference; lastKnownFileType = sourcecode.swift; path = RoumingCountryDetailConfigurator.swift; sourceTree = "<group>"; };
		C5E658D72B8C774600571CE8 /* CategoriesCollectionView.swift */ = {isa = PBXFileReference; lastKnownFileType = sourcecode.swift; path = CategoriesCollectionView.swift; sourceTree = "<group>"; };
		C5EF6E6A2B84876C00AA3494 /* AllIncludedPackageViewCell.swift */ = {isa = PBXFileReference; lastKnownFileType = sourcecode.swift; path = AllIncludedPackageViewCell.swift; sourceTree = "<group>"; };
		C5EF6E6C2B848A7900AA3494 /* PackageServiceFeeLabel.swift */ = {isa = PBXFileReference; lastKnownFileType = sourcecode.swift; path = PackageServiceFeeLabel.swift; sourceTree = "<group>"; };
		C5EF6E6E2B84BD0F00AA3494 /* AllPackageInfoVStackView.swift */ = {isa = PBXFileReference; lastKnownFileType = sourcecode.swift; path = AllPackageInfoVStackView.swift; sourceTree = "<group>"; };
		C5EF6E722B85C0C400AA3494 /* AllIncludedPackageInfoHStackView.swift */ = {isa = PBXFileReference; lastKnownFileType = sourcecode.swift; path = AllIncludedPackageInfoHStackView.swift; sourceTree = "<group>"; };
		C5EF6E742B85C61800AA3494 /* CountrySearchView.swift */ = {isa = PBXFileReference; lastKnownFileType = sourcecode.swift; path = CountrySearchView.swift; sourceTree = "<group>"; };
		C5EF6E762B85CD2900AA3494 /* RoumingCountryButton.swift */ = {isa = PBXFileReference; lastKnownFileType = sourcecode.swift; path = RoumingCountryButton.swift; sourceTree = "<group>"; };
		C5EF6E782B85D1A800AA3494 /* RoumingCountriesCollectionView.swift */ = {isa = PBXFileReference; lastKnownFileType = sourcecode.swift; path = RoumingCountriesCollectionView.swift; sourceTree = "<group>"; };
		C5EF6E7A2B85EEFC00AA3494 /* UICollectionCenterFlowLayout.swift */ = {isa = PBXFileReference; lastKnownFileType = sourcecode.swift; path = UICollectionCenterFlowLayout.swift; sourceTree = "<group>"; };
		C5EF6E9C2B87614F00AA3494 /* RoumingCountryHeaderView.swift */ = {isa = PBXFileReference; lastKnownFileType = sourcecode.swift; path = RoumingCountryHeaderView.swift; sourceTree = "<group>"; };
		C5EF6E9E2B87650B00AA3494 /* SectionHeaderView.swift */ = {isa = PBXFileReference; lastKnownFileType = sourcecode.swift; path = SectionHeaderView.swift; sourceTree = "<group>"; };
/* End PBXFileReference section */

/* Begin PBXFrameworksBuildPhase section */
		C5BB3BAA2B7E1CF800819E25 /* Frameworks */ = {
			isa = PBXFrameworksBuildPhase;
			buildActionMask = 2147483647;
			files = (
				C5BB3C432B7E308700819E25 /* SnapKit in Frameworks */,
				C5BB3BF22B7E1D3400819E25 /* BakcellUIKit.framework in Frameworks */,
				C5BB3BEE2B7E1D3100819E25 /* BakcellNetworkKit.framework in Frameworks */,
			);
			runOnlyForDeploymentPostprocessing = 0;
		};
/* End PBXFrameworksBuildPhase section */

/* Begin PBXGroup section */
		C50B032D2B8F0B06007A7EAD /* Views */ = {
			isa = PBXGroup;
			children = (
				C53745C52B906C5C001224A6 /* Buttons */,
				C50B032E2B8F0B13007A7EAD /* RoumingPackageInfoCardView.swift */,
				C50B03322B8F1098007A7EAD /* PackageDetailInfoStackView.swift */,
				C50B03342B8F1157007A7EAD /* PackageDetailISingleInfoView.swift */,
				C50B03362B8F1B9B007A7EAD /* PackageCardHeaderView.swift */,
				C50B03382B8F23E9007A7EAD /* PackageIconView.swift */,
				C50B033A2B8F5A00007A7EAD /* PackageMoreInfosStackView.swift */,
				C53745BB2B9054EA001224A6 /* PackageSingleMoreInfoStackView.swift */,
			);
			path = Views;
			sourceTree = "<group>";
		};
		C53745BF2B906754001224A6 /* Buttons */ = {
			isa = PBXGroup;
			children = (
				C53745C02B90676A001224A6 /* AppButton.swift */,
			);
			path = Buttons;
			sourceTree = "<group>";
		};
		C53745C52B906C5C001224A6 /* Buttons */ = {
			isa = PBXGroup;
			children = (
				C53745C62B906C64001224A6 /* CheckRoumingCountryButton.swift */,
			);
			path = Buttons;
			sourceTree = "<group>";
		};
		C53745C82B909510001224A6 /* RoumingCountrySearch */ = {
			isa = PBXGroup;
			children = (
				C53745D92B909597001224A6 /* Views */,
				C53745C92B909545001224A6 /* RoumingCountrySearchPresenter.swift */,
				C53745CA2B909545001224A6 /* RoumingCountrySearchWorker.swift */,
				C53745CB2B909545001224A6 /* RoumingCountrySearchRouter.swift */,
				C53745CC2B909545001224A6 /* RoumingCountrySearchModels.swift */,
				C53745CD2B909545001224A6 /* RoumingCountrySearchViewController.swift */,
				C53745CE2B909545001224A6 /* RoumingCountrySearchInteractor.swift */,
				C53745CF2B909545001224A6 /* RoumingCountrySearchView.swift */,
				C53745D02B909545001224A6 /* RoumingCountrySearchConfigurator.swift */,
			);
			path = RoumingCountrySearch;
			sourceTree = "<group>";
		};
		C53745D92B909597001224A6 /* Views */ = {
			isa = PBXGroup;
			children = (
				C53745DC2B909629001224A6 /* Cells */,
				C53745DA2B9095A6001224A6 /* RoamingCountriesTableView.swift */,
			);
			path = Views;
			sourceTree = "<group>";
		};
		C53745DC2B909629001224A6 /* Cells */ = {
			isa = PBXGroup;
			children = (
				C53745DD2B909634001224A6 /* RoumingSearchCountryViewCell.swift */,
			);
			path = Cells;
			sourceTree = "<group>";
		};
		C53A32312B8C938400EBB596 /* CustomViews */ = {
			isa = PBXGroup;
			children = (
				C53A32322B8C93A600EBB596 /* RoamingSegmentedControl.swift */,
				C53A32382B8C9C9E00EBB596 /* OperatorServiceInfoStackView.swift */,
				C5B01C0A2B8DB49E00C14F0C /* OperatorInfoTitleVStackView.swift */,
				C53A323A2B8CA2D200EBB596 /* OperatorStatusVStackView.swift */,
				C53A323C2B8CA31B00EBB596 /* OperatorStatusHStackView.swift */,
				C5B01C0E2B8DCC5E00C14F0C /* OperatorServiceVStackView.swift */,
			);
			path = CustomViews;
			sourceTree = "<group>";
		};
		C550E0A22B7F8ADB009408D2 /* Buttons */ = {
			isa = PBXGroup;
			children = (
				C550E0A32B7F8AE7009408D2 /* MiniAddButton.swift */,
			);
			path = Buttons;
			sourceTree = "<group>";
		};
		C5B01C102B8DF46A00C14F0C /* Views */ = {
			isa = PBXGroup;
			children = (
				C53745BF2B906754001224A6 /* Buttons */,
				C5B01C132B8DF48100C14F0C /* SegmentedControl */,
			);
			path = Views;
			sourceTree = "<group>";
		};
		C5B01C132B8DF48100C14F0C /* SegmentedControl */ = {
			isa = PBXGroup;
			children = (
				C5B01C112B8DF47800C14F0C /* SegmentedControl.swift */,
				C5B01C142B8DF49200C14F0C /* Constants.swift */,
				C5B01C162B8DF4A700C14F0C /* Protocols.swift */,
				C5B01C182B8DF4BD00C14F0C /* SCScrollView.swift */,
				C5B01C1A2B8DF4DA00C14F0C /* Style.swift */,
			);
			path = SegmentedControl;
			sourceTree = "<group>";
		};
		C5B01C1C2B8E11A300C14F0C /* RoumingSearchCountry */ = {
			isa = PBXGroup;
			children = (
				C5B01C1D2B8E11B900C14F0C /* RoumingSearchCountryPresenter.swift */,
				C5B01C1E2B8E11B900C14F0C /* RoumingSearchCountryWorker.swift */,
				C5B01C1F2B8E11B900C14F0C /* RoumingSearchCountryRouter.swift */,
				C5B01C202B8E11B900C14F0C /* RoumingSearchCountryModels.swift */,
				C5B01C212B8E11B900C14F0C /* RoumingSearchCountryViewController.swift */,
				C5B01C222B8E11B900C14F0C /* RoumingSearchCountryInteractor.swift */,
				C5B01C232B8E11B900C14F0C /* RoumingSearchCountryView.swift */,
				C5B01C242B8E11B900C14F0C /* RoumingSearchCountryConfigurator.swift */,
			);
			path = RoumingSearchCountry;
			sourceTree = "<group>";
		};
		C5B01C2D2B8E11F400C14F0C /* RoumingPackageDetail */ = {
			isa = PBXGroup;
			children = (
				C50B032D2B8F0B06007A7EAD /* Views */,
				C5B01C2E2B8E120B00C14F0C /* RoumingPackageDetailPresenter.swift */,
				C5B01C2F2B8E120B00C14F0C /* RoumingPackageDetailWorker.swift */,
				C5B01C302B8E120B00C14F0C /* RoumingPackageDetailRouter.swift */,
				C5B01C312B8E120B00C14F0C /* RoumingPackageDetailModels.swift */,
				C5B01C322B8E120B00C14F0C /* RoumingPackageDetailViewController.swift */,
				C5B01C332B8E120B00C14F0C /* RoumingPackageDetailInteractor.swift */,
				C5B01C342B8E120B00C14F0C /* RoumingPackageDetailView.swift */,
				C5B01C352B8E120B00C14F0C /* RoumingPackageDetailConfigurator.swift */,
			);
			path = RoumingPackageDetail;
			sourceTree = "<group>";
		};
		C5BB3BA42B7E1CF800819E25 = {
			isa = PBXGroup;
			children = (
				C5BB3BAF2B7E1CF800819E25 /* BakcellApp */,
				C5BB3BAE2B7E1CF800819E25 /* Products */,
				C5BB3BEC2B7E1D3100819E25 /* Frameworks */,
			);
			sourceTree = "<group>";
		};
		C5BB3BAE2B7E1CF800819E25 /* Products */ = {
			isa = PBXGroup;
			children = (
				C5BB3BAD2B7E1CF800819E25 /* BakcellApp.app */,
			);
			name = Products;
			sourceTree = "<group>";
		};
		C5BB3BAF2B7E1CF800819E25 /* BakcellApp */ = {
			isa = PBXGroup;
			children = (
				C5B01C102B8DF46A00C14F0C /* Views */,
				C5BB3BF42B7E1DFB00819E25 /* App */,
				C5BB3BFF2B7E1E9A00819E25 /* Supporting */,
				C5BB3BFE2B7E1E9500819E25 /* Scenes */,
				C5BB3BFD2B7E1E8C00819E25 /* Resources */,
				C5BB3BFC2B7E1E8700819E25 /* Managers */,
				C5BB3BFB2B7E1E7E00819E25 /* Helpers */,
				C5BB3BFA2B7E1E7800819E25 /* Extensions */,
				C5BB3BBE2B7E1CF900819E25 /* Info.plist */,
			);
			path = BakcellApp;
			sourceTree = "<group>";
		};
		C5BB3BEC2B7E1D3100819E25 /* Frameworks */ = {
			isa = PBXGroup;
			children = (
				C5BB3BF12B7E1D3400819E25 /* BakcellUIKit.framework */,
				C5BB3BED2B7E1D3100819E25 /* BakcellNetworkKit.framework */,
			);
			name = Frameworks;
			sourceTree = "<group>";
		};
		C5BB3BF42B7E1DFB00819E25 /* App */ = {
			isa = PBXGroup;
			children = (
				C5BB3BB02B7E1CF800819E25 /* AppDelegate.swift */,
				C5BB3BF52B7E1E0800819E25 /* AppRouter.swift */,
				C5BB3BF82B7E1E1700819E25 /* AppContainer.swift */,
			);
			path = App;
			sourceTree = "<group>";
		};
		C5BB3BFA2B7E1E7800819E25 /* Extensions */ = {
			isa = PBXGroup;
			children = (
				C5BB3C3F2B7E2E6A00819E25 /* ImageResizer.swift */,
				C5C82A152B7F6BC40018BB61 /* RoundedView.swift */,
				C53745BD2B9061A1001224A6 /* BulletTextFormatter.swift */,
				C53745C22B906882001224A6 /* LinearGradientView.swift */,
				C53745DF2B9099E2001224A6 /* GreyBorderView.swift */,
			);
			path = Extensions;
			sourceTree = "<group>";
		};
		C5BB3BFB2B7E1E7E00819E25 /* Helpers */ = {
			isa = PBXGroup;
			children = (
				C5BB3C062B7E1F3800819E25 /* Theme */,
				C5BB3C002B7E1ED700819E25 /* Navigation */,
				C50B03302B8F0D78007A7EAD /* AttributedStringHelper.swift */,
			);
			path = Helpers;
			sourceTree = "<group>";
		};
		C5BB3BFC2B7E1E8700819E25 /* Managers */ = {
			isa = PBXGroup;
			children = (
			);
			path = Managers;
			sourceTree = "<group>";
		};
		C5BB3BFD2B7E1E8C00819E25 /* Resources */ = {
			isa = PBXGroup;
			children = (
				C5BB3BB92B7E1CF900819E25 /* Assets.xcassets */,
				C5BB3C2D2B7E27DB00819E25 /* AppAssets.swift */,
			);
			path = Resources;
			sourceTree = "<group>";
		};
		C5BB3BFE2B7E1E9500819E25 /* Scenes */ = {
			isa = PBXGroup;
			children = (
				C53745C82B909510001224A6 /* RoumingCountrySearch */,
				C5B01C2D2B8E11F400C14F0C /* RoumingPackageDetail */,
				C5B01C1C2B8E11A300C14F0C /* RoumingSearchCountry */,
				C5E658C52B8C719E00571CE8 /* RoumingCountryDetail */,
				C5BB3C442B7E30F700819E25 /* RoumingDetail */,
			);
			path = Scenes;
			sourceTree = "<group>";
		};
		C5BB3BFF2B7E1E9A00819E25 /* Supporting */ = {
			isa = PBXGroup;
			children = (
				C5BB3BBB2B7E1CF900819E25 /* LaunchScreen.storyboard */,
			);
			path = Supporting;
			sourceTree = "<group>";
		};
		C5BB3C002B7E1ED700819E25 /* Navigation */ = {
			isa = PBXGroup;
			children = (
				C5BB3C022B7E1EF100819E25 /* MainNavigation.swift */,
				C5BB3C042B7E1F1E00819E25 /* ViewController+Navigation.swift */,
			);
			path = Navigation;
			sourceTree = "<group>";
		};
		C5BB3C062B7E1F3800819E25 /* Theme */ = {
			isa = PBXGroup;
			children = (
				C5BB3C072B7E1F4300819E25 /* ThemeableView.swift */,
				C5BB3C092B7E1F5200819E25 /* ThemeableViewController.swift */,
			);
			path = Theme;
			sourceTree = "<group>";
		};
		C5BB3C442B7E30F700819E25 /* RoumingDetail */ = {
			isa = PBXGroup;
			children = (
				C5BB3C452B7E310400819E25 /* Views */,
				C5BB3C2F2B7E29C200819E25 /* RoumingDetailPresenter.swift */,
				C5BB3C302B7E29C200819E25 /* RoumingDetailWorker.swift */,
				C5BB3C312B7E29C200819E25 /* RoumingDetailRouter.swift */,
				C5BB3C322B7E29C200819E25 /* RoumingDetailModels.swift */,
				C5BB3C332B7E29C200819E25 /* RoumingDetailViewController.swift */,
				C5BB3C342B7E29C200819E25 /* RoumingDetailInteractor.swift */,
				C5BB3C352B7E29C200819E25 /* RoumingDetailView.swift */,
				C5BB3C362B7E29C200819E25 /* RoumingDetailConfigurator.swift */,
			);
			path = RoumingDetail;
			sourceTree = "<group>";
		};
		C5BB3C452B7E310400819E25 /* Views */ = {
			isa = PBXGroup;
			children = (
				C5EF6EA12B876D4800AA3494 /* CustomViews */,
				C5EF6EA02B876D3500AA3494 /* StackViews */,
				C550E0A22B7F8ADB009408D2 /* Buttons */,
				C5BB3C482B7E312100819E25 /* CollectionViews */,
				C5BB3C472B7E311B00819E25 /* TableViews */,
				C5BB3C462B7E310A00819E25 /* Cells */,
				C5EF6E7A2B85EEFC00AA3494 /* UICollectionCenterFlowLayout.swift */,
			);
			path = Views;
			sourceTree = "<group>";
		};
		C5BB3C462B7E310A00819E25 /* Cells */ = {
			isa = PBXGroup;
			children = (
				C5C82A102B7F62D10018BB61 /* TableViewCell */,
				C5C82A0F2B7F62CA0018BB61 /* CollectionViewCell */,
			);
			path = Cells;
			sourceTree = "<group>";
		};
		C5BB3C472B7E311B00819E25 /* TableViews */ = {
			isa = PBXGroup;
			children = (
			);
			path = TableViews;
			sourceTree = "<group>";
		};
		C5BB3C482B7E312100819E25 /* CollectionViews */ = {
			isa = PBXGroup;
			children = (
				C5BB3C492B7E315D00819E25 /* PackagesCollectionView.swift */,
				C5EF6E782B85D1A800AA3494 /* RoumingCountriesCollectionView.swift */,
			);
			path = CollectionViews;
			sourceTree = "<group>";
		};
		C5C82A0F2B7F62CA0018BB61 /* CollectionViewCell */ = {
			isa = PBXGroup;
			children = (
				C5BB3C4B2B7E32A600819E25 /* RoumingPackageViewCell.swift */,
				C5EF6E762B85CD2900AA3494 /* RoumingCountryButton.swift */,
			);
			path = CollectionViewCell;
			sourceTree = "<group>";
		};
		C5C82A102B7F62D10018BB61 /* TableViewCell */ = {
			isa = PBXGroup;
			children = (
				C5C82A112B7F62E30018BB61 /* InternetPackagesCollectionTableViewCell.swift */,
				C5C82A132B7F63780018BB61 /* SMSPackagesCollectionTableViewCell.swift */,
				C5EF6E6A2B84876C00AA3494 /* AllIncludedPackageViewCell.swift */,
			);
			path = TableViewCell;
			sourceTree = "<group>";
		};
		C5E658C52B8C719E00571CE8 /* RoumingCountryDetail */ = {
			isa = PBXGroup;
			children = (
				C5E658D62B8C773000571CE8 /* Views */,
				C5E658C62B8C71B400571CE8 /* RoumingCountryDetailPresenter.swift */,
				C5E658C72B8C71B400571CE8 /* RoumingCountryDetailWorker.swift */,
				C5E658C82B8C71B400571CE8 /* RoumingCountryDetailRouter.swift */,
				C5E658C92B8C71B400571CE8 /* RoumingCountryDetailModels.swift */,
				C5E658CA2B8C71B400571CE8 /* RoumingCountryDetailViewController.swift */,
				C5E658CB2B8C71B400571CE8 /* RoumingCountryDetailInteractor.swift */,
				C5E658CC2B8C71B400571CE8 /* RoumingCountryDetailView.swift */,
				C5E658CD2B8C71B400571CE8 /* RoumingCountryDetailConfigurator.swift */,
			);
			path = RoumingCountryDetail;
			sourceTree = "<group>";
		};
		C5E658D62B8C773000571CE8 /* Views */ = {
			isa = PBXGroup;
			children = (
				C53A32312B8C938400EBB596 /* CustomViews */,
				C5E658DA2B8C781F00571CE8 /* CollectionViews */,
				C5E658D92B8C781A00571CE8 /* Cells */,
				C53A322F2B8C926300EBB596 /* OperatorsView.swift */,
				C53745E12B90AD62001224A6 /* PriceComparisonView.swift */,
				C5B01C0C2B8DBB6900C14F0C /* AppDivider.swift */,
				C54E846A2B91E98500B198DD /* PriceTableSectionHeaderView.swift */,
			);
			path = Views;
			sourceTree = "<group>";
		};
		C5E658D92B8C781A00571CE8 /* Cells */ = {
			isa = PBXGroup;
			children = (
				C53A32342B8C97B700EBB596 /* OperatorViewCell.swift */,
				C54E84682B91C4D700B198DD /* PriceComparisonViewCell.swift */,
			);
			path = Cells;
			sourceTree = "<group>";
		};
		C5E658DA2B8C781F00571CE8 /* CollectionViews */ = {
			isa = PBXGroup;
			children = (
				C5E658D72B8C774600571CE8 /* CategoriesCollectionView.swift */,
			);
			path = CollectionViews;
			sourceTree = "<group>";
		};
		C5EF6EA02B876D3500AA3494 /* StackViews */ = {
			isa = PBXGroup;
			children = (
				C5EF6E6E2B84BD0F00AA3494 /* AllPackageInfoVStackView.swift */,
				C550E09E2B7F8382009408D2 /* PackageFreeServicesStackView.swift */,
				C5EF6E722B85C0C400AA3494 /* AllIncludedPackageInfoHStackView.swift */,
			);
			path = StackViews;
			sourceTree = "<group>";
		};
		C5EF6EA12B876D4800AA3494 /* CustomViews */ = {
			isa = PBXGroup;
			children = (
				C5EF6E9C2B87614F00AA3494 /* RoumingCountryHeaderView.swift */,
				C550E0A02B7F87CA009408D2 /* PackageChipButton.swift */,
				C5EF6E9E2B87650B00AA3494 /* SectionHeaderView.swift */,
				C5EF6E6C2B848A7900AA3494 /* PackageServiceFeeLabel.swift */,
				C5EF6E742B85C61800AA3494 /* CountrySearchView.swift */,
			);
			path = CustomViews;
			sourceTree = "<group>";
		};
/* End PBXGroup section */

/* Begin PBXNativeTarget section */
		C5BB3BAC2B7E1CF800819E25 /* BakcellApp */ = {
			isa = PBXNativeTarget;
			buildConfigurationList = C5BB3BC12B7E1CF900819E25 /* Build configuration list for PBXNativeTarget "BakcellApp" */;
			buildPhases = (
				C5BB3BA92B7E1CF800819E25 /* Sources */,
				C5BB3BAA2B7E1CF800819E25 /* Frameworks */,
				C5BB3BAB2B7E1CF800819E25 /* Resources */,
				C5BB3BF02B7E1D3100819E25 /* Embed Frameworks */,
			);
			buildRules = (
			);
			dependencies = (
			);
			name = BakcellApp;
			packageProductDependencies = (
				C5BB3C422B7E308700819E25 /* SnapKit */,
			);
			productName = BakcellApp;
			productReference = C5BB3BAD2B7E1CF800819E25 /* BakcellApp.app */;
			productType = "com.apple.product-type.application";
		};
/* End PBXNativeTarget section */

/* Begin PBXProject section */
		C5BB3BA52B7E1CF800819E25 /* Project object */ = {
			isa = PBXProject;
			attributes = {
				BuildIndependentTargetsInParallel = 1;
				LastSwiftUpdateCheck = 1520;
				LastUpgradeCheck = 1520;
				TargetAttributes = {
					C5BB3BAC2B7E1CF800819E25 = {
						CreatedOnToolsVersion = 15.2;
					};
				};
			};
			buildConfigurationList = C5BB3BA82B7E1CF800819E25 /* Build configuration list for PBXProject "BakcellApp" */;
			compatibilityVersion = "Xcode 14.0";
			developmentRegion = en;
			hasScannedForEncodings = 0;
			knownRegions = (
				en,
				Base,
			);
			mainGroup = C5BB3BA42B7E1CF800819E25;
			packageReferences = (
				C5BB3C412B7E308700819E25 /* XCRemoteSwiftPackageReference "SnapKit" */,
			);
			productRefGroup = C5BB3BAE2B7E1CF800819E25 /* Products */;
			projectDirPath = "";
			projectRoot = "";
			targets = (
				C5BB3BAC2B7E1CF800819E25 /* BakcellApp */,
			);
		};
/* End PBXProject section */

/* Begin PBXResourcesBuildPhase section */
		C5BB3BAB2B7E1CF800819E25 /* Resources */ = {
			isa = PBXResourcesBuildPhase;
			buildActionMask = 2147483647;
			files = (
				C5BB3BBD2B7E1CF900819E25 /* LaunchScreen.storyboard in Resources */,
				C5BB3BBA2B7E1CF900819E25 /* Assets.xcassets in Resources */,
			);
			runOnlyForDeploymentPostprocessing = 0;
		};
/* End PBXResourcesBuildPhase section */

/* Begin PBXSourcesBuildPhase section */
		C5BB3BA92B7E1CF800819E25 /* Sources */ = {
			isa = PBXSourcesBuildPhase;
			buildActionMask = 2147483647;
			files = (
				C5EF6E6D2B848A7900AA3494 /* PackageServiceFeeLabel.swift in Sources */,
				C5B01C1B2B8DF4DA00C14F0C /* Style.swift in Sources */,
				C550E09F2B7F8382009408D2 /* PackageFreeServicesStackView.swift in Sources */,
				C53A32332B8C93A600EBB596 /* RoamingSegmentedControl.swift in Sources */,
				C5E658D52B8C71B400571CE8 /* RoumingCountryDetailConfigurator.swift in Sources */,
				C5BB3C4C2B7E32A600819E25 /* RoumingPackageViewCell.swift in Sources */,
				C5EF6E6B2B84876C00AA3494 /* AllIncludedPackageViewCell.swift in Sources */,
				C5BB3C4A2B7E315D00819E25 /* PackagesCollectionView.swift in Sources */,
				C5BB3C392B7E29C200819E25 /* RoumingDetailRouter.swift in Sources */,
				C53A323B2B8CA2D200EBB596 /* OperatorStatusVStackView.swift in Sources */,
				C50B032F2B8F0B13007A7EAD /* RoumingPackageInfoCardView.swift in Sources */,
				C5B01C172B8DF4A700C14F0C /* Protocols.swift in Sources */,
				C53A32352B8C97B700EBB596 /* OperatorViewCell.swift in Sources */,
				C53745E22B90AD62001224A6 /* PriceComparisonView.swift in Sources */,
				C5E658D32B8C71B400571CE8 /* RoumingCountryDetailInteractor.swift in Sources */,
				C5B01C372B8E120B00C14F0C /* RoumingPackageDetailWorker.swift in Sources */,
				C5B01C0D2B8DBB6900C14F0C /* AppDivider.swift in Sources */,
				C5EF6E772B85CD2900AA3494 /* RoumingCountryButton.swift in Sources */,
				C5B01C122B8DF47800C14F0C /* SegmentedControl.swift in Sources */,
				C5B01C192B8DF4BD00C14F0C /* SCScrollView.swift in Sources */,
				C50B033B2B8F5A00007A7EAD /* PackageMoreInfosStackView.swift in Sources */,
				C5BB3C3E2B7E29C200819E25 /* RoumingDetailConfigurator.swift in Sources */,
				C5BB3C032B7E1EF100819E25 /* MainNavigation.swift in Sources */,
				C5C82A122B7F62E30018BB61 /* InternetPackagesCollectionTableViewCell.swift in Sources */,
				C53745D22B909545001224A6 /* RoumingCountrySearchWorker.swift in Sources */,
				C5E658CE2B8C71B400571CE8 /* RoumingCountryDetailPresenter.swift in Sources */,
				C53745D52B909545001224A6 /* RoumingCountrySearchViewController.swift in Sources */,
				C5B01C0F2B8DCC5E00C14F0C /* OperatorServiceVStackView.swift in Sources */,
				C5B01C282B8E11B900C14F0C /* RoumingSearchCountryModels.swift in Sources */,
				C5BB3BF92B7E1E1700819E25 /* AppContainer.swift in Sources */,
				C5EF6E6F2B84BD0F00AA3494 /* AllPackageInfoVStackView.swift in Sources */,
				C5BB3C052B7E1F1E00819E25 /* ViewController+Navigation.swift in Sources */,
				C53A32302B8C926300EBB596 /* OperatorsView.swift in Sources */,
				C5BB3C3A2B7E29C200819E25 /* RoumingDetailModels.swift in Sources */,
				C5B01C0B2B8DB49E00C14F0C /* OperatorInfoTitleVStackView.swift in Sources */,
				C53745D82B909545001224A6 /* RoumingCountrySearchConfigurator.swift in Sources */,
				C53745D62B909545001224A6 /* RoumingCountrySearchInteractor.swift in Sources */,
				C5B01C3C2B8E120B00C14F0C /* RoumingPackageDetailView.swift in Sources */,
				C50B03372B8F1B9B007A7EAD /* PackageCardHeaderView.swift in Sources */,
				C53745C72B906C64001224A6 /* CheckRoumingCountryButton.swift in Sources */,
				C53A32392B8C9C9E00EBB596 /* OperatorServiceInfoStackView.swift in Sources */,
				C5E658D42B8C71B400571CE8 /* RoumingCountryDetailView.swift in Sources */,
				C5EF6E9D2B87614F00AA3494 /* RoumingCountryHeaderView.swift in Sources */,
				C53745C32B906882001224A6 /* LinearGradientView.swift in Sources */,
				C5BB3BB12B7E1CF800819E25 /* AppDelegate.swift in Sources */,
				C5B01C272B8E11B900C14F0C /* RoumingSearchCountryRouter.swift in Sources */,
				C5BB3C3B2B7E29C200819E25 /* RoumingDetailViewController.swift in Sources */,
				C5BB3C3C2B7E29C200819E25 /* RoumingDetailInteractor.swift in Sources */,
				C5B01C2A2B8E11B900C14F0C /* RoumingSearchCountryInteractor.swift in Sources */,
				C5B01C3B2B8E120B00C14F0C /* RoumingPackageDetailInteractor.swift in Sources */,
				C53745D32B909545001224A6 /* RoumingCountrySearchRouter.swift in Sources */,
				C5EF6E7B2B85EEFC00AA3494 /* UICollectionCenterFlowLayout.swift in Sources */,
				C5E658D02B8C71B400571CE8 /* RoumingCountryDetailRouter.swift in Sources */,
				C550E0A42B7F8AE7009408D2 /* MiniAddButton.swift in Sources */,
				C53745DE2B909634001224A6 /* RoumingSearchCountryViewCell.swift in Sources */,
				C50B03312B8F0D78007A7EAD /* AttributedStringHelper.swift in Sources */,
				C5B01C2C2B8E11B900C14F0C /* RoumingSearchCountryConfigurator.swift in Sources */,
				C5B01C392B8E120B00C14F0C /* RoumingPackageDetailModels.swift in Sources */,
				C5EF6E732B85C0C400AA3494 /* AllIncludedPackageInfoHStackView.swift in Sources */,
				C50B03332B8F1098007A7EAD /* PackageDetailInfoStackView.swift in Sources */,
				C5BB3C3D2B7E29C200819E25 /* RoumingDetailView.swift in Sources */,
				C53745D42B909545001224A6 /* RoumingCountrySearchModels.swift in Sources */,
				C5E658D12B8C71B400571CE8 /* RoumingCountryDetailModels.swift in Sources */,
				C53A323D2B8CA31B00EBB596 /* OperatorStatusHStackView.swift in Sources */,
				C5E658CF2B8C71B400571CE8 /* RoumingCountryDetailWorker.swift in Sources */,
				C5B01C152B8DF49200C14F0C /* Constants.swift in Sources */,
				C50B03392B8F23E9007A7EAD /* PackageIconView.swift in Sources */,
				C5B01C292B8E11B900C14F0C /* RoumingSearchCountryViewController.swift in Sources */,
				C5EF6E792B85D1A800AA3494 /* RoumingCountriesCollectionView.swift in Sources */,
				C550E0A12B7F87CA009408D2 /* PackageChipButton.swift in Sources */,
				C5B01C262B8E11B900C14F0C /* RoumingSearchCountryWorker.swift in Sources */,
				C5B01C3D2B8E120B00C14F0C /* RoumingPackageDetailConfigurator.swift in Sources */,
				C53745DB2B9095A6001224A6 /* RoamingCountriesTableView.swift in Sources */,
				C5EF6E752B85C61800AA3494 /* CountrySearchView.swift in Sources */,
				C5BB3C0A2B7E1F5200819E25 /* ThemeableViewController.swift in Sources */,
				C53745BE2B9061A1001224A6 /* BulletTextFormatter.swift in Sources */,
				C5BB3C402B7E2E6A00819E25 /* ImageResizer.swift in Sources */,
				C53745E02B9099E2001224A6 /* GreyBorderView.swift in Sources */,
				C5B01C382B8E120B00C14F0C /* RoumingPackageDetailRouter.swift in Sources */,
				C5C82A142B7F63780018BB61 /* SMSPackagesCollectionTableViewCell.swift in Sources */,
				C5BB3C082B7E1F4300819E25 /* ThemeableView.swift in Sources */,
				C50B03352B8F1157007A7EAD /* PackageDetailISingleInfoView.swift in Sources */,
				C53745D12B909545001224A6 /* RoumingCountrySearchPresenter.swift in Sources */,
				C53745BC2B9054EA001224A6 /* PackageSingleMoreInfoStackView.swift in Sources */,
				C5BB3C2E2B7E27DB00819E25 /* AppAssets.swift in Sources */,
				C5E658D22B8C71B400571CE8 /* RoumingCountryDetailViewController.swift in Sources */,
				C5EF6E9F2B87650B00AA3494 /* SectionHeaderView.swift in Sources */,
				C53745D72B909545001224A6 /* RoumingCountrySearchView.swift in Sources */,
				C54E84692B91C4D700B198DD /* PriceComparisonViewCell.swift in Sources */,
				C5B01C2B2B8E11B900C14F0C /* RoumingSearchCountryView.swift in Sources */,
				C5BB3BF62B7E1E0800819E25 /* AppRouter.swift in Sources */,
				C5BB3C382B7E29C200819E25 /* RoumingDetailWorker.swift in Sources */,
				C54E846B2B91E98500B198DD /* PriceTableSectionHeaderView.swift in Sources */,
				C5B01C3A2B8E120B00C14F0C /* RoumingPackageDetailViewController.swift in Sources */,
				C53745C12B90676A001224A6 /* AppButton.swift in Sources */,
				C5C82A162B7F6BC40018BB61 /* RoundedView.swift in Sources */,
				C5B01C252B8E11B900C14F0C /* RoumingSearchCountryPresenter.swift in Sources */,
				C5E658D82B8C774600571CE8 /* CategoriesCollectionView.swift in Sources */,
				C5B01C362B8E120B00C14F0C /* RoumingPackageDetailPresenter.swift in Sources */,
				C5BB3C372B7E29C200819E25 /* RoumingDetailPresenter.swift in Sources */,
			);
			runOnlyForDeploymentPostprocessing = 0;
		};
/* End PBXSourcesBuildPhase section */

/* Begin PBXVariantGroup section */
		C5BB3BBB2B7E1CF900819E25 /* LaunchScreen.storyboard */ = {
			isa = PBXVariantGroup;
			children = (
				C5BB3BBC2B7E1CF900819E25 /* Base */,
			);
			name = LaunchScreen.storyboard;
			sourceTree = "<group>";
		};
/* End PBXVariantGroup section */

/* Begin XCBuildConfiguration section */
		C5BB3BBF2B7E1CF900819E25 /* Debug */ = {
			isa = XCBuildConfiguration;
			buildSettings = {
				ALWAYS_SEARCH_USER_PATHS = NO;
				ASSETCATALOG_COMPILER_GENERATE_SWIFT_ASSET_SYMBOL_EXTENSIONS = YES;
				CLANG_ANALYZER_NONNULL = YES;
				CLANG_ANALYZER_NUMBER_OBJECT_CONVERSION = YES_AGGRESSIVE;
				CLANG_CXX_LANGUAGE_STANDARD = "gnu++20";
				CLANG_ENABLE_MODULES = YES;
				CLANG_ENABLE_OBJC_ARC = YES;
				CLANG_ENABLE_OBJC_WEAK = YES;
				CLANG_WARN_BLOCK_CAPTURE_AUTORELEASING = YES;
				CLANG_WARN_BOOL_CONVERSION = YES;
				CLANG_WARN_COMMA = YES;
				CLANG_WARN_CONSTANT_CONVERSION = YES;
				CLANG_WARN_DEPRECATED_OBJC_IMPLEMENTATIONS = YES;
				CLANG_WARN_DIRECT_OBJC_ISA_USAGE = YES_ERROR;
				CLANG_WARN_DOCUMENTATION_COMMENTS = YES;
				CLANG_WARN_EMPTY_BODY = YES;
				CLANG_WARN_ENUM_CONVERSION = YES;
				CLANG_WARN_INFINITE_RECURSION = YES;
				CLANG_WARN_INT_CONVERSION = YES;
				CLANG_WARN_NON_LITERAL_NULL_CONVERSION = YES;
				CLANG_WARN_OBJC_IMPLICIT_RETAIN_SELF = YES;
				CLANG_WARN_OBJC_LITERAL_CONVERSION = YES;
				CLANG_WARN_OBJC_ROOT_CLASS = YES_ERROR;
				CLANG_WARN_QUOTED_INCLUDE_IN_FRAMEWORK_HEADER = YES;
				CLANG_WARN_RANGE_LOOP_ANALYSIS = YES;
				CLANG_WARN_STRICT_PROTOTYPES = YES;
				CLANG_WARN_SUSPICIOUS_MOVE = YES;
				CLANG_WARN_UNGUARDED_AVAILABILITY = YES_AGGRESSIVE;
				CLANG_WARN_UNREACHABLE_CODE = YES;
				CLANG_WARN__DUPLICATE_METHOD_MATCH = YES;
				COPY_PHASE_STRIP = NO;
				DEBUG_INFORMATION_FORMAT = dwarf;
				ENABLE_STRICT_OBJC_MSGSEND = YES;
				ENABLE_TESTABILITY = YES;
				ENABLE_USER_SCRIPT_SANDBOXING = YES;
				GCC_C_LANGUAGE_STANDARD = gnu17;
				GCC_DYNAMIC_NO_PIC = NO;
				GCC_NO_COMMON_BLOCKS = YES;
				GCC_OPTIMIZATION_LEVEL = 0;
				GCC_PREPROCESSOR_DEFINITIONS = (
					"DEBUG=1",
					"$(inherited)",
				);
				GCC_WARN_64_TO_32_BIT_CONVERSION = YES;
				GCC_WARN_ABOUT_RETURN_TYPE = YES_ERROR;
				GCC_WARN_UNDECLARED_SELECTOR = YES;
				GCC_WARN_UNINITIALIZED_AUTOS = YES_AGGRESSIVE;
				GCC_WARN_UNUSED_FUNCTION = YES;
				GCC_WARN_UNUSED_VARIABLE = YES;
				IPHONEOS_DEPLOYMENT_TARGET = 17.2;
				LOCALIZATION_PREFERS_STRING_CATALOGS = YES;
				MTL_ENABLE_DEBUG_INFO = INCLUDE_SOURCE;
				MTL_FAST_MATH = YES;
				ONLY_ACTIVE_ARCH = YES;
				SDKROOT = iphoneos;
				SWIFT_ACTIVE_COMPILATION_CONDITIONS = "DEBUG $(inherited)";
				SWIFT_OPTIMIZATION_LEVEL = "-Onone";
			};
			name = Debug;
		};
		C5BB3BC02B7E1CF900819E25 /* Release */ = {
			isa = XCBuildConfiguration;
			buildSettings = {
				ALWAYS_SEARCH_USER_PATHS = NO;
				ASSETCATALOG_COMPILER_GENERATE_SWIFT_ASSET_SYMBOL_EXTENSIONS = YES;
				CLANG_ANALYZER_NONNULL = YES;
				CLANG_ANALYZER_NUMBER_OBJECT_CONVERSION = YES_AGGRESSIVE;
				CLANG_CXX_LANGUAGE_STANDARD = "gnu++20";
				CLANG_ENABLE_MODULES = YES;
				CLANG_ENABLE_OBJC_ARC = YES;
				CLANG_ENABLE_OBJC_WEAK = YES;
				CLANG_WARN_BLOCK_CAPTURE_AUTORELEASING = YES;
				CLANG_WARN_BOOL_CONVERSION = YES;
				CLANG_WARN_COMMA = YES;
				CLANG_WARN_CONSTANT_CONVERSION = YES;
				CLANG_WARN_DEPRECATED_OBJC_IMPLEMENTATIONS = YES;
				CLANG_WARN_DIRECT_OBJC_ISA_USAGE = YES_ERROR;
				CLANG_WARN_DOCUMENTATION_COMMENTS = YES;
				CLANG_WARN_EMPTY_BODY = YES;
				CLANG_WARN_ENUM_CONVERSION = YES;
				CLANG_WARN_INFINITE_RECURSION = YES;
				CLANG_WARN_INT_CONVERSION = YES;
				CLANG_WARN_NON_LITERAL_NULL_CONVERSION = YES;
				CLANG_WARN_OBJC_IMPLICIT_RETAIN_SELF = YES;
				CLANG_WARN_OBJC_LITERAL_CONVERSION = YES;
				CLANG_WARN_OBJC_ROOT_CLASS = YES_ERROR;
				CLANG_WARN_QUOTED_INCLUDE_IN_FRAMEWORK_HEADER = YES;
				CLANG_WARN_RANGE_LOOP_ANALYSIS = YES;
				CLANG_WARN_STRICT_PROTOTYPES = YES;
				CLANG_WARN_SUSPICIOUS_MOVE = YES;
				CLANG_WARN_UNGUARDED_AVAILABILITY = YES_AGGRESSIVE;
				CLANG_WARN_UNREACHABLE_CODE = YES;
				CLANG_WARN__DUPLICATE_METHOD_MATCH = YES;
				COPY_PHASE_STRIP = NO;
				DEBUG_INFORMATION_FORMAT = "dwarf-with-dsym";
				ENABLE_NS_ASSERTIONS = NO;
				ENABLE_STRICT_OBJC_MSGSEND = YES;
				ENABLE_USER_SCRIPT_SANDBOXING = YES;
				GCC_C_LANGUAGE_STANDARD = gnu17;
				GCC_NO_COMMON_BLOCKS = YES;
				GCC_WARN_64_TO_32_BIT_CONVERSION = YES;
				GCC_WARN_ABOUT_RETURN_TYPE = YES_ERROR;
				GCC_WARN_UNDECLARED_SELECTOR = YES;
				GCC_WARN_UNINITIALIZED_AUTOS = YES_AGGRESSIVE;
				GCC_WARN_UNUSED_FUNCTION = YES;
				GCC_WARN_UNUSED_VARIABLE = YES;
				IPHONEOS_DEPLOYMENT_TARGET = 17.2;
				LOCALIZATION_PREFERS_STRING_CATALOGS = YES;
				MTL_ENABLE_DEBUG_INFO = NO;
				MTL_FAST_MATH = YES;
				SDKROOT = iphoneos;
				SWIFT_COMPILATION_MODE = wholemodule;
				VALIDATE_PRODUCT = YES;
			};
			name = Release;
		};
		C5BB3BC22B7E1CF900819E25 /* Debug */ = {
			isa = XCBuildConfiguration;
			buildSettings = {
				ASSETCATALOG_COMPILER_APPICON_NAME = AppIcon;
				ASSETCATALOG_COMPILER_GLOBAL_ACCENT_COLOR_NAME = AccentColor;
				CODE_SIGN_STYLE = Automatic;
				CURRENT_PROJECT_VERSION = 1;
				GENERATE_INFOPLIST_FILE = YES;
				INFOPLIST_FILE = BakcellApp/Info.plist;
				INFOPLIST_KEY_UIApplicationSupportsIndirectInputEvents = YES;
				INFOPLIST_KEY_UILaunchStoryboardName = LaunchScreen;
				INFOPLIST_KEY_UISupportedInterfaceOrientations_iPad = "UIInterfaceOrientationPortrait UIInterfaceOrientationPortraitUpsideDown UIInterfaceOrientationLandscapeLeft UIInterfaceOrientationLandscapeRight";
				INFOPLIST_KEY_UISupportedInterfaceOrientations_iPhone = "UIInterfaceOrientationPortrait UIInterfaceOrientationLandscapeLeft UIInterfaceOrientationLandscapeRight";
				LD_RUNPATH_SEARCH_PATHS = (
					"$(inherited)",
					"@executable_path/Frameworks",
				);
				MARKETING_VERSION = 1.0;
				PRODUCT_BUNDLE_IDENTIFIER = com.example.BakcellApp;
				PRODUCT_NAME = "$(TARGET_NAME)";
				SWIFT_EMIT_LOC_STRINGS = YES;
				SWIFT_VERSION = 5.0;
				TARGETED_DEVICE_FAMILY = "1,2";
			};
			name = Debug;
		};
		C5BB3BC32B7E1CF900819E25 /* Release */ = {
			isa = XCBuildConfiguration;
			buildSettings = {
				ASSETCATALOG_COMPILER_APPICON_NAME = AppIcon;
				ASSETCATALOG_COMPILER_GLOBAL_ACCENT_COLOR_NAME = AccentColor;
				CODE_SIGN_STYLE = Automatic;
				CURRENT_PROJECT_VERSION = 1;
				GENERATE_INFOPLIST_FILE = YES;
				INFOPLIST_FILE = BakcellApp/Info.plist;
				INFOPLIST_KEY_UIApplicationSupportsIndirectInputEvents = YES;
				INFOPLIST_KEY_UILaunchStoryboardName = LaunchScreen;
				INFOPLIST_KEY_UISupportedInterfaceOrientations_iPad = "UIInterfaceOrientationPortrait UIInterfaceOrientationPortraitUpsideDown UIInterfaceOrientationLandscapeLeft UIInterfaceOrientationLandscapeRight";
				INFOPLIST_KEY_UISupportedInterfaceOrientations_iPhone = "UIInterfaceOrientationPortrait UIInterfaceOrientationLandscapeLeft UIInterfaceOrientationLandscapeRight";
				LD_RUNPATH_SEARCH_PATHS = (
					"$(inherited)",
					"@executable_path/Frameworks",
				);
				MARKETING_VERSION = 1.0;
				PRODUCT_BUNDLE_IDENTIFIER = com.example.BakcellApp;
				PRODUCT_NAME = "$(TARGET_NAME)";
				SWIFT_EMIT_LOC_STRINGS = YES;
				SWIFT_VERSION = 5.0;
				TARGETED_DEVICE_FAMILY = "1,2";
			};
			name = Release;
		};
/* End XCBuildConfiguration section */

/* Begin XCConfigurationList section */
		C5BB3BA82B7E1CF800819E25 /* Build configuration list for PBXProject "BakcellApp" */ = {
			isa = XCConfigurationList;
			buildConfigurations = (
				C5BB3BBF2B7E1CF900819E25 /* Debug */,
				C5BB3BC02B7E1CF900819E25 /* Release */,
			);
			defaultConfigurationIsVisible = 0;
			defaultConfigurationName = Release;
		};
		C5BB3BC12B7E1CF900819E25 /* Build configuration list for PBXNativeTarget "BakcellApp" */ = {
			isa = XCConfigurationList;
			buildConfigurations = (
				C5BB3BC22B7E1CF900819E25 /* Debug */,
				C5BB3BC32B7E1CF900819E25 /* Release */,
			);
			defaultConfigurationIsVisible = 0;
			defaultConfigurationName = Release;
		};
/* End XCConfigurationList section */

/* Begin XCRemoteSwiftPackageReference section */
		C5BB3C412B7E308700819E25 /* XCRemoteSwiftPackageReference "SnapKit" */ = {
			isa = XCRemoteSwiftPackageReference;
			repositoryURL = "https://github.com/SnapKit/SnapKit";
			requirement = {
				kind = upToNextMajorVersion;
				minimumVersion = 5.7.0;
			};
		};
/* End XCRemoteSwiftPackageReference section */

/* Begin XCSwiftPackageProductDependency section */
		C5BB3C422B7E308700819E25 /* SnapKit */ = {
			isa = XCSwiftPackageProductDependency;
			package = C5BB3C412B7E308700819E25 /* XCRemoteSwiftPackageReference "SnapKit" */;
			productName = SnapKit;
		};
/* End XCSwiftPackageProductDependency section */
	};
	rootObject = C5BB3BA52B7E1CF800819E25 /* Project object */;
}
